
Microsoft Visual Studio Solution File, Format Version 12.00
# Visual Studio Version 17
VisualStudioVersion = 17.5.33414.496
MinimumVisualStudioVersion = 10.0.40219.1
Project("{FAE04EC0-301F-11D3-BF4B-00C04F79EFBC}") = "CreditoDigital.WebApp", "CreditoDigital.WebApp\CreditoDigital.WebApp.csproj", "{4C720E39-6621-4423-97CF-654BE98A1CF1}"
EndProject
Project("{FAE04EC0-301F-11D3-BF4B-00C04F79EFBC}") = "CreditoDigital.Model", "CreditoDigital.Model\CreditoDigital.Model.csproj", "{D670A354-C16D-4FE8-B3BB-24B7F053921E}"
EndProject
Project("{FAE04EC0-301F-11D3-BF4B-00C04F79EFBC}") = "CreditoDigital.Client", "CreditoDigital.Client\CreditoDigital.Client.csproj", "{DA7772F6-7D46-4968-B1C6-0E91F0553B0E}"
EndProject
Global
	GlobalSection(SolutionConfigurationPlatforms) = preSolution
		Debug|Any CPU = Debug|Any CPU
		Release|Any CPU = Release|Any CPU
	EndGlobalSection
	GlobalSection(ProjectConfigurationPlatforms) = postSolution
		{4C720E39-6621-4423-97CF-654BE98A1CF1}.Debug|Any CPU.ActiveCfg = Debug|Any CPU
		{4C720E39-6621-4423-97CF-654BE98A1CF1}.Debug|Any CPU.Build.0 = Debug|Any CPU
		{4C720E39-6621-4423-97CF-654BE98A1CF1}.Release|Any CPU.ActiveCfg = Release|Any CPU
		{4C720E39-6621-4423-97CF-654BE98A1CF1}.Release|Any CPU.Build.0 = Release|Any CPU
		{D670A354-C16D-4FE8-B3BB-24B7F053921E}.Debug|Any CPU.ActiveCfg = Debug|Any CPU
		{D670A354-C16D-4FE8-B3BB-24B7F053921E}.Debug|Any CPU.Build.0 = Debug|Any CPU
		{D670A354-C16D-4FE8-B3BB-24B7F053921E}.Release|Any CPU.ActiveCfg = Release|Any CPU
		{D670A354-C16D-4FE8-B3BB-24B7F053921E}.Release|Any CPU.Build.0 = Release|Any CPU
		{DA7772F6-7D46-4968-B1C6-0E91F0553B0E}.Debug|Any CPU.ActiveCfg = Debug|Any CPU
		{DA7772F6-7D46-4968-B1C6-0E91F0553B0E}.Debug|Any CPU.Build.0 = Debug|Any CPU
		{DA7772F6-7D46-4968-B1C6-0E91F0553B0E}.Release|Any CPU.ActiveCfg = Release|Any CPU
		{DA7772F6-7D46-4968-B1C6-0E91F0553B0E}.Release|Any CPU.Build.0 = Release|Any CPU
	EndGlobalSection
	GlobalSection(SolutionProperties) = preSolution
		HideSolutionNode = FALSE
	EndGlobalSection
	GlobalSection(ExtensibilityGlobals) = postSolution
		SolutionGuid = {723A5572-7B31-422C-8A5D-577F624C8454}
	EndGlobalSection
EndGlobal
